
Microsoft Visual Studio Solution File, Format Version 12.00
# Visual Studio Version 17
VisualStudioVersion = 17.2.32602.215
MinimumVisualStudioVersion = 10.0.40219.1
Project("{FAE04EC0-301F-11D3-BF4B-00C04F79EFBC}") = "DmsTask", "DmsTask\DmsTask.csproj", "{A9068884-2FDD-458A-862C-ABE9775EC00B}"
EndProject
Global
	GlobalSection(SolutionConfigurationPlatforms) = preSolution
		Debug|Any CPU = Debug|Any CPU
		Release|Any CPU = Release|Any CPU
	EndGlobalSection
	GlobalSection(ProjectConfigurationPlatforms) = postSolution
		{A9068884-2FDD-458A-862C-ABE9775EC00B}.Debug|Any CPU.ActiveCfg = Debug|Any CPU
		{A9068884-2FDD-458A-862C-ABE9775EC00B}.Debug|Any CPU.Build.0 = Debug|Any CPU
		{A9068884-2FDD-458A-862C-ABE9775EC00B}.Release|Any CPU.ActiveCfg = Release|Any CPU
		{A9068884-2FDD-458A-862C-ABE9775EC00B}.Release|Any CPU.Build.0 = Release|Any CPU
	EndGlobalSection
	GlobalSection(SolutionProperties) = preSolution
		HideSolutionNode = FALSE
	EndGlobalSection
	GlobalSection(ExtensibilityGlobals) = postSolution
		SolutionGuid = {1910D3A4-599E-4661-8830-BA479B9AEF42}
	EndGlobalSection
EndGlobal
